// !$*UTF8*$!
{
	archiveVersion = 1;
	classes = {
	};
	objectVersion = 50;
	objects = {

/* Begin PBXBuildFile section */
		23C4A7DD3B1326CBB36404A0 /* Pods_TumblrTests.framework in Frameworks */ = {isa = PBXBuildFile; fileRef = 96ED097D858E5F7816D4FC9D /* Pods_TumblrTests.framework */; };
		38014A68BE79CE765B95734F /* Pods_TumblrUITests.framework in Frameworks */ = {isa = PBXBuildFile; fileRef = 7FF6682AB2FB1DFFBAF03039 /* Pods_TumblrUITests.framework */; };
		A6F94835214B2FD70046695A /* AppDelegate.swift in Sources */ = {isa = PBXBuildFile; fileRef = A6F94834214B2FD70046695A /* AppDelegate.swift */; };
		A6F94837214B2FD70046695A /* ViewController.swift in Sources */ = {isa = PBXBuildFile; fileRef = A6F94836214B2FD70046695A /* ViewController.swift */; };
		A6F9483A214B2FD70046695A /* Main.storyboard in Resources */ = {isa = PBXBuildFile; fileRef = A6F94838214B2FD70046695A /* Main.storyboard */; };
		A6F9483C214B2FD90046695A /* Assets.xcassets in Resources */ = {isa = PBXBuildFile; fileRef = A6F9483B214B2FD90046695A /* Assets.xcassets */; };
		A6F9483F214B2FD90046695A /* LaunchScreen.storyboard in Resources */ = {isa = PBXBuildFile; fileRef = A6F9483D214B2FD90046695A /* LaunchScreen.storyboard */; };
		A6F9484A214B2FD90046695A /* TumblrTests.swift in Sources */ = {isa = PBXBuildFile; fileRef = A6F94849214B2FD90046695A /* TumblrTests.swift */; };
		A6F94855214B2FD90046695A /* TumblrUITests.swift in Sources */ = {isa = PBXBuildFile; fileRef = A6F94854214B2FD90046695A /* TumblrUITests.swift */; };
		A6F94863214C37DC0046695A /* imgCell.swift in Sources */ = {isa = PBXBuildFile; fileRef = A6F94862214C37DC0046695A /* imgCell.swift */; };
		FD0F3931DD10E536028553D8 /* Pods_Tumblr.framework in Frameworks */ = {isa = PBXBuildFile; fileRef = 25C223874BF38FD94C1E45F3 /* Pods_Tumblr.framework */; };
/* End PBXBuildFile section */

/* Begin PBXContainerItemProxy section */
		A6F94846214B2FD90046695A /* PBXContainerItemProxy */ = {
			isa = PBXContainerItemProxy;
			containerPortal = A6F94829214B2FD70046695A /* Project object */;
			proxyType = 1;
			remoteGlobalIDString = A6F94830214B2FD70046695A;
			remoteInfo = Tumblr;
		};
		A6F94851214B2FD90046695A /* PBXContainerItemProxy */ = {
			isa = PBXContainerItemProxy;
			containerPortal = A6F94829214B2FD70046695A /* Project object */;
			proxyType = 1;
			remoteGlobalIDString = A6F94830214B2FD70046695A;
			remoteInfo = Tumblr;
		};
/* End PBXContainerItemProxy section */

/* Begin PBXFileReference section */
		1362D246493361D02458C3E9 /* Pods-TumblrUITests.debug.xcconfig */ = {isa = PBXFileReference; includeInIndex = 1; lastKnownFileType = text.xcconfig; name = "Pods-TumblrUITests.debug.xcconfig"; path = "Pods/Target Support Files/Pods-TumblrUITests/Pods-TumblrUITests.debug.xcconfig"; sourceTree = "<group>"; };
		25C223874BF38FD94C1E45F3 /* Pods_Tumblr.framework */ = {isa = PBXFileReference; explicitFileType = wrapper.framework; includeInIndex = 0; path = Pods_Tumblr.framework; sourceTree = BUILT_PRODUCTS_DIR; };
		35BDAB1D4217C035A55E6E81 /* Pods-TumblrTests.release.xcconfig */ = {isa = PBXFileReference; includeInIndex = 1; lastKnownFileType = text.xcconfig; name = "Pods-TumblrTests.release.xcconfig"; path = "Pods/Target Support Files/Pods-TumblrTests/Pods-TumblrTests.release.xcconfig"; sourceTree = "<group>"; };
		4CBAC4555C40DBA395D05401 /* Pods-Tumblr.release.xcconfig */ = {isa = PBXFileReference; includeInIndex = 1; lastKnownFileType = text.xcconfig; name = "Pods-Tumblr.release.xcconfig"; path = "Pods/Target Support Files/Pods-Tumblr/Pods-Tumblr.release.xcconfig"; sourceTree = "<group>"; };
		56A3DF0E2CE2543323E01EE9 /* Pods-TumblrTests.debug.xcconfig */ = {isa = PBXFileReference; includeInIndex = 1; lastKnownFileType = text.xcconfig; name = "Pods-TumblrTests.debug.xcconfig"; path = "Pods/Target Support Files/Pods-TumblrTests/Pods-TumblrTests.debug.xcconfig"; sourceTree = "<group>"; };
		7FF6682AB2FB1DFFBAF03039 /* Pods_TumblrUITests.framework */ = {isa = PBXFileReference; explicitFileType = wrapper.framework; includeInIndex = 0; path = Pods_TumblrUITests.framework; sourceTree = BUILT_PRODUCTS_DIR; };
		821688A26E56FDA8AA383AC2 /* Pods-Tumblr.debug.xcconfig */ = {isa = PBXFileReference; includeInIndex = 1; lastKnownFileType = text.xcconfig; name = "Pods-Tumblr.debug.xcconfig"; path = "Pods/Target Support Files/Pods-Tumblr/Pods-Tumblr.debug.xcconfig"; sourceTree = "<group>"; };
		96ED097D858E5F7816D4FC9D /* Pods_TumblrTests.framework */ = {isa = PBXFileReference; explicitFileType = wrapper.framework; includeInIndex = 0; path = Pods_TumblrTests.framework; sourceTree = BUILT_PRODUCTS_DIR; };
		A6F94831214B2FD70046695A /* Tumblr.app */ = {isa = PBXFileReference; explicitFileType = wrapper.application; includeInIndex = 0; path = Tumblr.app; sourceTree = BUILT_PRODUCTS_DIR; };
		A6F94834214B2FD70046695A /* AppDelegate.swift */ = {isa = PBXFileReference; lastKnownFileType = sourcecode.swift; path = AppDelegate.swift; sourceTree = "<group>"; };
		A6F94836214B2FD70046695A /* ViewController.swift */ = {isa = PBXFileReference; lastKnownFileType = sourcecode.swift; path = ViewController.swift; sourceTree = "<group>"; };
		A6F94839214B2FD70046695A /* Base */ = {isa = PBXFileReference; lastKnownFileType = file.storyboard; name = Base; path = Base.lproj/Main.storyboard; sourceTree = "<group>"; };
		A6F9483B214B2FD90046695A /* Assets.xcassets */ = {isa = PBXFileReference; lastKnownFileType = folder.assetcatalog; path = Assets.xcassets; sourceTree = "<group>"; };
		A6F9483E214B2FD90046695A /* Base */ = {isa = PBXFileReference; lastKnownFileType = file.storyboard; name = Base; path = Base.lproj/LaunchScreen.storyboard; sourceTree = "<group>"; };
		A6F94840214B2FD90046695A /* Info.plist */ = {isa = PBXFileReference; lastKnownFileType = text.plist.xml; path = Info.plist; sourceTree = "<group>"; };
		A6F94845214B2FD90046695A /* TumblrTests.xctest */ = {isa = PBXFileReference; explicitFileType = wrapper.cfbundle; includeInIndex = 0; path = TumblrTests.xctest; sourceTree = BUILT_PRODUCTS_DIR; };
		A6F94849214B2FD90046695A /* TumblrTests.swift */ = {isa = PBXFileReference; lastKnownFileType = sourcecode.swift; path = TumblrTests.swift; sourceTree = "<group>"; };
		A6F9484B214B2FD90046695A /* Info.plist */ = {isa = PBXFileReference; lastKnownFileType = text.plist.xml; path = Info.plist; sourceTree = "<group>"; };
		A6F94850214B2FD90046695A /* TumblrUITests.xctest */ = {isa = PBXFileReference; explicitFileType = wrapper.cfbundle; includeInIndex = 0; path = TumblrUITests.xctest; sourceTree = BUILT_PRODUCTS_DIR; };
		A6F94854214B2FD90046695A /* TumblrUITests.swift */ = {isa = PBXFileReference; lastKnownFileType = sourcecode.swift; path = TumblrUITests.swift; sourceTree = "<group>"; };
		A6F94856214B2FD90046695A /* Info.plist */ = {isa = PBXFileReference; lastKnownFileType = text.plist.xml; path = Info.plist; sourceTree = "<group>"; };
		A6F94862214C37DC0046695A /* imgCell.swift */ = {isa = PBXFileReference; lastKnownFileType = sourcecode.swift; path = imgCell.swift; sourceTree = "<group>"; };
		B6FA4549160D3EF125E30A1A /* Pods-TumblrUITests.release.xcconfig */ = {isa = PBXFileReference; includeInIndex = 1; lastKnownFileType = text.xcconfig; name = "Pods-TumblrUITests.release.xcconfig"; path = "Pods/Target Support Files/Pods-TumblrUITests/Pods-TumblrUITests.release.xcconfig"; sourceTree = "<group>"; };
/* End PBXFileReference section */

/* Begin PBXFrameworksBuildPhase section */
		A6F9482E214B2FD70046695A /* Frameworks */ = {
			isa = PBXFrameworksBuildPhase;
			buildActionMask = 2147483647;
			files = (
				FD0F3931DD10E536028553D8 /* Pods_Tumblr.framework in Frameworks */,
			);
			runOnlyForDeploymentPostprocessing = 0;
		};
		A6F94842214B2FD90046695A /* Frameworks */ = {
			isa = PBXFrameworksBuildPhase;
			buildActionMask = 2147483647;
			files = (
				23C4A7DD3B1326CBB36404A0 /* Pods_TumblrTests.framework in Frameworks */,
			);
			runOnlyForDeploymentPostprocessing = 0;
		};
		A6F9484D214B2FD90046695A /* Frameworks */ = {
			isa = PBXFrameworksBuildPhase;
			buildActionMask = 2147483647;
			files = (
				38014A68BE79CE765B95734F /* Pods_TumblrUITests.framework in Frameworks */,
			);
			runOnlyForDeploymentPostprocessing = 0;
		};
/* End PBXFrameworksBuildPhase section */

/* Begin PBXGroup section */
		81DEE1C19C3ED21E2DAC1052 /* Pods */ = {
			isa = PBXGroup;
			children = (
				821688A26E56FDA8AA383AC2 /* Pods-Tumblr.debug.xcconfig */,
				4CBAC4555C40DBA395D05401 /* Pods-Tumblr.release.xcconfig */,
				56A3DF0E2CE2543323E01EE9 /* Pods-TumblrTests.debug.xcconfig */,
				35BDAB1D4217C035A55E6E81 /* Pods-TumblrTests.release.xcconfig */,
				1362D246493361D02458C3E9 /* Pods-TumblrUITests.debug.xcconfig */,
				B6FA4549160D3EF125E30A1A /* Pods-TumblrUITests.release.xcconfig */,
			);
			name = Pods;
			sourceTree = "<group>";
		};
		A00D1EC422C39DF2A7656E5E /* Frameworks */ = {
			isa = PBXGroup;
			children = (
				25C223874BF38FD94C1E45F3 /* Pods_Tumblr.framework */,
				96ED097D858E5F7816D4FC9D /* Pods_TumblrTests.framework */,
				7FF6682AB2FB1DFFBAF03039 /* Pods_TumblrUITests.framework */,
			);
			name = Frameworks;
			sourceTree = "<group>";
		};
		A6F94828214B2FD70046695A = {
			isa = PBXGroup;
			children = (
				A6F94833214B2FD70046695A /* Tumblr */,
				A6F94848214B2FD90046695A /* TumblrTests */,
				A6F94853214B2FD90046695A /* TumblrUITests */,
				A6F94832214B2FD70046695A /* Products */,
				81DEE1C19C3ED21E2DAC1052 /* Pods */,
				A00D1EC422C39DF2A7656E5E /* Frameworks */,
			);
			sourceTree = "<group>";
		};
		A6F94832214B2FD70046695A /* Products */ = {
			isa = PBXGroup;
			children = (
				A6F94831214B2FD70046695A /* Tumblr.app */,
				A6F94845214B2FD90046695A /* TumblrTests.xctest */,
				A6F94850214B2FD90046695A /* TumblrUITests.xctest */,
			);
			name = Products;
			sourceTree = "<group>";
		};
		A6F94833214B2FD70046695A /* Tumblr */ = {
			isa = PBXGroup;
			children = (
				A6F94834214B2FD70046695A /* AppDelegate.swift */,
				A6F94836214B2FD70046695A /* ViewController.swift */,
				A6F94838214B2FD70046695A /* Main.storyboard */,
				A6F9483B214B2FD90046695A /* Assets.xcassets */,
				A6F9483D214B2FD90046695A /* LaunchScreen.storyboard */,
				A6F94840214B2FD90046695A /* Info.plist */,
				A6F94862214C37DC0046695A /* imgCell.swift */,
			);
			path = Tumblr;
			sourceTree = "<group>";
		};
		A6F94848214B2FD90046695A /* TumblrTests */ = {
			isa = PBXGroup;
			children = (
				A6F94849214B2FD90046695A /* TumblrTests.swift */,
				A6F9484B214B2FD90046695A /* Info.plist */,
			);
			path = TumblrTests;
			sourceTree = "<group>";
		};
		A6F94853214B2FD90046695A /* TumblrUITests */ = {
			isa = PBXGroup;
			children = (
				A6F94854214B2FD90046695A /* TumblrUITests.swift */,
				A6F94856214B2FD90046695A /* Info.plist */,
			);
			path = TumblrUITests;
			sourceTree = "<group>";
		};
/* End PBXGroup section */

/* Begin PBXNativeTarget section */
		A6F94830214B2FD70046695A /* Tumblr */ = {
			isa = PBXNativeTarget;
			buildConfigurationList = A6F94859214B2FD90046695A /* Build configuration list for PBXNativeTarget "Tumblr" */;
			buildPhases = (
				9BB69D5FAA0832496A08CCC7 /* [CP] Check Pods Manifest.lock */,
				A6F9482D214B2FD70046695A /* Sources */,
				A6F9482E214B2FD70046695A /* Frameworks */,
				A6F9482F214B2FD70046695A /* Resources */,
				9CBB1153FAA234BB8CA5E7D0 /* [CP] Embed Pods Frameworks */,
			);
			buildRules = (
			);
			dependencies = (
			);
			name = Tumblr;
			productName = Tumblr;
			productReference = A6F94831214B2FD70046695A /* Tumblr.app */;
			productType = "com.apple.product-type.application";
		};
		A6F94844214B2FD90046695A /* TumblrTests */ = {
			isa = PBXNativeTarget;
			buildConfigurationList = A6F9485C214B2FD90046695A /* Build configuration list for PBXNativeTarget "TumblrTests" */;
			buildPhases = (
				5586FBCD85021886578559EC /* [CP] Check Pods Manifest.lock */,
				A6F94841214B2FD90046695A /* Sources */,
				A6F94842214B2FD90046695A /* Frameworks */,
				A6F94843214B2FD90046695A /* Resources */,
			);
			buildRules = (
			);
			dependencies = (
				A6F94847214B2FD90046695A /* PBXTargetDependency */,
			);
			name = TumblrTests;
			productName = TumblrTests;
			productReference = A6F94845214B2FD90046695A /* TumblrTests.xctest */;
			productType = "com.apple.product-type.bundle.unit-test";
		};
		A6F9484F214B2FD90046695A /* TumblrUITests */ = {
			isa = PBXNativeTarget;
			buildConfigurationList = A6F9485F214B2FD90046695A /* Build configuration list for PBXNativeTarget "TumblrUITests" */;
			buildPhases = (
				61B5A05534E8499990E6BD6A /* [CP] Check Pods Manifest.lock */,
				A6F9484C214B2FD90046695A /* Sources */,
				A6F9484D214B2FD90046695A /* Frameworks */,
				A6F9484E214B2FD90046695A /* Resources */,
			);
			buildRules = (
			);
			dependencies = (
				A6F94852214B2FD90046695A /* PBXTargetDependency */,
			);
			name = TumblrUITests;
			productName = TumblrUITests;
			productReference = A6F94850214B2FD90046695A /* TumblrUITests.xctest */;
			productType = "com.apple.product-type.bundle.ui-testing";
		};
/* End PBXNativeTarget section */

/* Begin PBXProject section */
		A6F94829214B2FD70046695A /* Project object */ = {
			isa = PBXProject;
			attributes = {
				LastSwiftUpdateCheck = 0940;
				LastUpgradeCheck = 0940;
				ORGANIZATIONNAME = "Jamil Jalal";
				TargetAttributes = {
					A6F94830214B2FD70046695A = {
						CreatedOnToolsVersion = 9.4.1;
					};
					A6F94844214B2FD90046695A = {
						CreatedOnToolsVersion = 9.4.1;
						TestTargetID = A6F94830214B2FD70046695A;
					};
					A6F9484F214B2FD90046695A = {
						CreatedOnToolsVersion = 9.4.1;
						TestTargetID = A6F94830214B2FD70046695A;
					};
				};
			};
			buildConfigurationList = A6F9482C214B2FD70046695A /* Build configuration list for PBXProject "Tumblr" */;
			compatibilityVersion = "Xcode 9.3";
			developmentRegion = en;
			hasScannedForEncodings = 0;
			knownRegions = (
				en,
				Base,
			);
			mainGroup = A6F94828214B2FD70046695A;
			productRefGroup = A6F94832214B2FD70046695A /* Products */;
			projectDirPath = "";
			projectRoot = "";
			targets = (
				A6F94830214B2FD70046695A /* Tumblr */,
				A6F94844214B2FD90046695A /* TumblrTests */,
				A6F9484F214B2FD90046695A /* TumblrUITests */,
			);
		};
/* End PBXProject section */

/* Begin PBXResourcesBuildPhase section */
		A6F9482F214B2FD70046695A /* Resources */ = {
			isa = PBXResourcesBuildPhase;
			buildActionMask = 2147483647;
			files = (
				A6F9483F214B2FD90046695A /* LaunchScreen.storyboard in Resources */,
				A6F9483C214B2FD90046695A /* Assets.xcassets in Resources */,
				A6F9483A214B2FD70046695A /* Main.storyboard in Resources */,
			);
			runOnlyForDeploymentPostprocessing = 0;
		};
		A6F94843214B2FD90046695A /* Resources */ = {
			isa = PBXResourcesBuildPhase;
			buildActionMask = 2147483647;
			files = (
			);
			runOnlyForDeploymentPostprocessing = 0;
		};
		A6F9484E214B2FD90046695A /* Resources */ = {
			isa = PBXResourcesBuildPhase;
			buildActionMask = 2147483647;
			files = (
			);
			runOnlyForDeploymentPostprocessing = 0;
		};
/* End PBXResourcesBuildPhase section */

/* Begin PBXShellScriptBuildPhase section */
		5586FBCD85021886578559EC /* [CP] Check Pods Manifest.lock */ = {
			isa = PBXShellScriptBuildPhase;
			buildActionMask = 2147483647;
			files = (
			);
			inputPaths = (
				"${PODS_PODFILE_DIR_PATH}/Podfile.lock",
				"${PODS_ROOT}/Manifest.lock",
			);
			name = "[CP] Check Pods Manifest.lock";
			outputPaths = (
				"$(DERIVED_FILE_DIR)/Pods-TumblrTests-checkManifestLockResult.txt",
			);
			runOnlyForDeploymentPostprocessing = 0;
			shellPath = /bin/sh;
			shellScript = "diff \"${PODS_PODFILE_DIR_PATH}/Podfile.lock\" \"${PODS_ROOT}/Manifest.lock\" > /dev/null\nif [ $? != 0 ] ; then\n    # print error to STDERR\n    echo \"error: The sandbox is not in sync with the Podfile.lock. Run 'pod install' or update your CocoaPods installation.\" >&2\n    exit 1\nfi\n# This output is used by Xcode 'outputs' to avoid re-running this script phase.\necho \"SUCCESS\" > \"${SCRIPT_OUTPUT_FILE_0}\"\n";
			showEnvVarsInLog = 0;
		};
		61B5A05534E8499990E6BD6A /* [CP] Check Pods Manifest.lock */ = {
			isa = PBXShellScriptBuildPhase;
			buildActionMask = 2147483647;
			files = (
			);
			inputPaths = (
				"${PODS_PODFILE_DIR_PATH}/Podfile.lock",
				"${PODS_ROOT}/Manifest.lock",
			);
			name = "[CP] Check Pods Manifest.lock";
			outputPaths = (
				"$(DERIVED_FILE_DIR)/Pods-TumblrUITests-checkManifestLockResult.txt",
			);
			runOnlyForDeploymentPostprocessing = 0;
			shellPath = /bin/sh;
			shellScript = "diff \"${PODS_PODFILE_DIR_PATH}/Podfile.lock\" \"${PODS_ROOT}/Manifest.lock\" > /dev/null\nif [ $? != 0 ] ; then\n    # print error to STDERR\n    echo \"error: The sandbox is not in sync with the Podfile.lock. Run 'pod install' or update your CocoaPods installation.\" >&2\n    exit 1\nfi\n# This output is used by Xcode 'outputs' to avoid re-running this script phase.\necho \"SUCCESS\" > \"${SCRIPT_OUTPUT_FILE_0}\"\n";
			showEnvVarsInLog = 0;
		};
		9BB69D5FAA0832496A08CCC7 /* [CP] Check Pods Manifest.lock */ = {
			isa = PBXShellScriptBuildPhase;
			buildActionMask = 2147483647;
			files = (
			);
			inputPaths = (
				"${PODS_PODFILE_DIR_PATH}/Podfile.lock",
				"${PODS_ROOT}/Manifest.lock",
			);
			name = "[CP] Check Pods Manifest.lock";
			outputPaths = (
				"$(DERIVED_FILE_DIR)/Pods-Tumblr-checkManifestLockResult.txt",
			);
			runOnlyForDeploymentPostprocessing = 0;
			shellPath = /bin/sh;
			shellScript = "diff \"${PODS_PODFILE_DIR_PATH}/Podfile.lock\" \"${PODS_ROOT}/Manifest.lock\" > /dev/null\nif [ $? != 0 ] ; then\n    # print error to STDERR\n    echo \"error: The sandbox is not in sync with the Podfile.lock. Run 'pod install' or update your CocoaPods installation.\" >&2\n    exit 1\nfi\n# This output is used by Xcode 'outputs' to avoid re-running this script phase.\necho \"SUCCESS\" > \"${SCRIPT_OUTPUT_FILE_0}\"\n";
			showEnvVarsInLog = 0;
		};
		9CBB1153FAA234BB8CA5E7D0 /* [CP] Embed Pods Frameworks */ = {
			isa = PBXShellScriptBuildPhase;
			buildActionMask = 2147483647;
			files = (
			);
			inputPaths = (
				"${SRCROOT}/Pods/Target Support Files/Pods-Tumblr/Pods-Tumblr-frameworks.sh",
				"${BUILT_PRODUCTS_DIR}/Alamofire/Alamofire.framework",
				"${BUILT_PRODUCTS_DIR}/AlamofireImage/AlamofireImage.framework",
			);
			name = "[CP] Embed Pods Frameworks";
			outputPaths = (
				"${TARGET_BUILD_DIR}/${FRAMEWORKS_FOLDER_PATH}/Alamofire.framework",
				"${TARGET_BUILD_DIR}/${FRAMEWORKS_FOLDER_PATH}/AlamofireImage.framework",
			);
			runOnlyForDeploymentPostprocessing = 0;
			shellPath = /bin/sh;
			shellScript = "\"${SRCROOT}/Pods/Target Support Files/Pods-Tumblr/Pods-Tumblr-frameworks.sh\"\n";
			showEnvVarsInLog = 0;
		};
/* End PBXShellScriptBuildPhase section */

/* Begin PBXSourcesBuildPhase section */
		A6F9482D214B2FD70046695A /* Sources */ = {
			isa = PBXSourcesBuildPhase;
			buildActionMask = 2147483647;
			files = (
				A6F94863214C37DC0046695A /* imgCell.swift in Sources */,
				A6F94837214B2FD70046695A /* ViewController.swift in Sources */,
				A6F94835214B2FD70046695A /* AppDelegate.swift in Sources */,
			);
			runOnlyForDeploymentPostprocessing = 0;
		};
		A6F94841214B2FD90046695A /* Sources */ = {
			isa = PBXSourcesBuildPhase;
			buildActionMask = 2147483647;
			files = (
				A6F9484A214B2FD90046695A /* TumblrTests.swift in Sources */,
			);
			runOnlyForDeploymentPostprocessing = 0;
		};
		A6F9484C214B2FD90046695A /* Sources */ = {
			isa = PBXSourcesBuildPhase;
			buildActionMask = 2147483647;
			files = (
				A6F94855214B2FD90046695A /* TumblrUITests.swift in Sources */,
			);
			runOnlyForDeploymentPostprocessing = 0;
		};
/* End PBXSourcesBuildPhase section */

/* Begin PBXTargetDependency section */
		A6F94847214B2FD90046695A /* PBXTargetDependency */ = {
			isa = PBXTargetDependency;
			target = A6F94830214B2FD70046695A /* Tumblr */;
			targetProxy = A6F94846214B2FD90046695A /* PBXContainerItemProxy */;
		};
		A6F94852214B2FD90046695A /* PBXTargetDependency */ = {
			isa = PBXTargetDependency;
			target = A6F94830214B2FD70046695A /* Tumblr */;
			targetProxy = A6F94851214B2FD90046695A /* PBXContainerItemProxy */;
		};
/* End PBXTargetDependency section */

/* Begin PBXVariantGroup section */
		A6F94838214B2FD70046695A /* Main.storyboard */ = {
			isa = PBXVariantGroup;
			children = (
				A6F94839214B2FD70046695A /* Base */,
			);
			name = Main.storyboard;
			sourceTree = "<group>";
		};
		A6F9483D214B2FD90046695A /* LaunchScreen.storyboard */ = {
			isa = PBXVariantGroup;
			children = (
				A6F9483E214B2FD90046695A /* Base */,
			);
			name = LaunchScreen.storyboard;
			sourceTree = "<group>";
		};
/* End PBXVariantGroup section */

/* Begin XCBuildConfiguration section */
		A6F94857214B2FD90046695A /* Debug */ = {
			isa = XCBuildConfiguration;
			buildSettings = {
				ALWAYS_SEARCH_USER_PATHS = NO;
				CLANG_ANALYZER_NONNULL = YES;
				CLANG_ANALYZER_NUMBER_OBJECT_CONVERSION = YES_AGGRESSIVE;
				CLANG_CXX_LANGUAGE_STANDARD = "gnu++14";
				CLANG_CXX_LIBRARY = "libc++";
				CLANG_ENABLE_MODULES = YES;
				CLANG_ENABLE_OBJC_ARC = YES;
				CLANG_ENABLE_OBJC_WEAK = YES;
				CLANG_WARN_BLOCK_CAPTURE_AUTORELEASING = YES;
				CLANG_WARN_BOOL_CONVERSION = YES;
				CLANG_WARN_COMMA = YES;
				CLANG_WARN_CONSTANT_CONVERSION = YES;
				CLANG_WARN_DEPRECATED_OBJC_IMPLEMENTATIONS = YES;
				CLANG_WARN_DIRECT_OBJC_ISA_USAGE = YES_ERROR;
				CLANG_WARN_DOCUMENTATION_COMMENTS = YES;
				CLANG_WARN_EMPTY_BODY = YES;
				CLANG_WARN_ENUM_CONVERSION = YES;
				CLANG_WARN_INFINITE_RECURSION = YES;
				CLANG_WARN_INT_CONVERSION = YES;
				CLANG_WARN_NON_LITERAL_NULL_CONVERSION = YES;
				CLANG_WARN_OBJC_IMPLICIT_RETAIN_SELF = YES;
				CLANG_WARN_OBJC_LITERAL_CONVERSION = YES;
				CLANG_WARN_OBJC_ROOT_CLASS = YES_ERROR;
				CLANG_WARN_RANGE_LOOP_ANALYSIS = YES;
				CLANG_WARN_STRICT_PROTOTYPES = YES;
				CLANG_WARN_SUSPICIOUS_MOVE = YES;
				CLANG_WARN_UNGUARDED_AVAILABILITY = YES_AGGRESSIVE;
				CLANG_WARN_UNREACHABLE_CODE = YES;
				CLANG_WARN__DUPLICATE_METHOD_MATCH = YES;
				CODE_SIGN_IDENTITY = "iPhone Developer";
				COPY_PHASE_STRIP = NO;
				DEBUG_INFORMATION_FORMAT = dwarf;
				ENABLE_STRICT_OBJC_MSGSEND = YES;
				ENABLE_TESTABILITY = YES;
				GCC_C_LANGUAGE_STANDARD = gnu11;
				GCC_DYNAMIC_NO_PIC = NO;
				GCC_NO_COMMON_BLOCKS = YES;
				GCC_OPTIMIZATION_LEVEL = 0;
				GCC_PREPROCESSOR_DEFINITIONS = (
					"DEBUG=1",
					"$(inherited)",
				);
				GCC_WARN_64_TO_32_BIT_CONVERSION = YES;
				GCC_WARN_ABOUT_RETURN_TYPE = YES_ERROR;
				GCC_WARN_UNDECLARED_SELECTOR = YES;
				GCC_WARN_UNINITIALIZED_AUTOS = YES_AGGRESSIVE;
				GCC_WARN_UNUSED_FUNCTION = YES;
				GCC_WARN_UNUSED_VARIABLE = YES;
				IPHONEOS_DEPLOYMENT_TARGET = 11.4;
				MTL_ENABLE_DEBUG_INFO = YES;
				ONLY_ACTIVE_ARCH = YES;
				SDKROOT = iphoneos;
				SWIFT_ACTIVE_COMPILATION_CONDITIONS = DEBUG;
				SWIFT_OPTIMIZATION_LEVEL = "-Onone";
			};
			name = Debug;
		};
		A6F94858214B2FD90046695A /* Release */ = {
			isa = XCBuildConfiguration;
			buildSettings = {
				ALWAYS_SEARCH_USER_PATHS = NO;
				CLANG_ANALYZER_NONNULL = YES;
				CLANG_ANALYZER_NUMBER_OBJECT_CONVERSION = YES_AGGRESSIVE;
				CLANG_CXX_LANGUAGE_STANDARD = "gnu++14";
				CLANG_CXX_LIBRARY = "libc++";
				CLANG_ENABLE_MODULES = YES;
				CLANG_ENABLE_OBJC_ARC = YES;
				CLANG_ENABLE_OBJC_WEAK = YES;
				CLANG_WARN_BLOCK_CAPTURE_AUTORELEASING = YES;
				CLANG_WARN_BOOL_CONVERSION = YES;
				CLANG_WARN_COMMA = YES;
				CLANG_WARN_CONSTANT_CONVERSION = YES;
				CLANG_WARN_DEPRECATED_OBJC_IMPLEMENTATIONS = YES;
				CLANG_WARN_DIRECT_OBJC_ISA_USAGE = YES_ERROR;
				CLANG_WARN_DOCUMENTATION_COMMENTS = YES;
				CLANG_WARN_EMPTY_BODY = YES;
				CLANG_WARN_ENUM_CONVERSION = YES;
				CLANG_WARN_INFINITE_RECURSION = YES;
				CLANG_WARN_INT_CONVERSION = YES;
				CLANG_WARN_NON_LITERAL_NULL_CONVERSION = YES;
				CLANG_WARN_OBJC_IMPLICIT_RETAIN_SELF = YES;
				CLANG_WARN_OBJC_LITERAL_CONVERSION = YES;
				CLANG_WARN_OBJC_ROOT_CLASS = YES_ERROR;
				CLANG_WARN_RANGE_LOOP_ANALYSIS = YES;
				CLANG_WARN_STRICT_PROTOTYPES = YES;
				CLANG_WARN_SUSPICIOUS_MOVE = YES;
				CLANG_WARN_UNGUARDED_AVAILABILITY = YES_AGGRESSIVE;
				CLANG_WARN_UNREACHABLE_CODE = YES;
				CLANG_WARN__DUPLICATE_METHOD_MATCH = YES;
				CODE_SIGN_IDENTITY = "iPhone Developer";
				COPY_PHASE_STRIP = NO;
				DEBUG_INFORMATION_FORMAT = "dwarf-with-dsym";
				ENABLE_NS_ASSERTIONS = NO;
				ENABLE_STRICT_OBJC_MSGSEND = YES;
				GCC_C_LANGUAGE_STANDARD = gnu11;
				GCC_NO_COMMON_BLOCKS = YES;
				GCC_WARN_64_TO_32_BIT_CONVERSION = YES;
				GCC_WARN_ABOUT_RETURN_TYPE = YES_ERROR;
				GCC_WARN_UNDECLARED_SELECTOR = YES;
				GCC_WARN_UNINITIALIZED_AUTOS = YES_AGGRESSIVE;
				GCC_WARN_UNUSED_FUNCTION = YES;
				GCC_WARN_UNUSED_VARIABLE = YES;
				IPHONEOS_DEPLOYMENT_TARGET = 11.4;
				MTL_ENABLE_DEBUG_INFO = NO;
				SDKROOT = iphoneos;
				SWIFT_COMPILATION_MODE = wholemodule;
				SWIFT_OPTIMIZATION_LEVEL = "-O";
				VALIDATE_PRODUCT = YES;
			};
			name = Release;
		};
		A6F9485A214B2FD90046695A /* Debug */ = {
			isa = XCBuildConfiguration;
			baseConfigurationReference = 821688A26E56FDA8AA383AC2 /* Pods-Tumblr.debug.xcconfig */;
			buildSettings = {
				ASSETCATALOG_COMPILER_APPICON_NAME = AppIcon;
				CODE_SIGN_STYLE = Automatic;
				DEVELOPMENT_TEAM = LW3486MABY;
				INFOPLIST_FILE = Tumblr/Info.plist;
				LD_RUNPATH_SEARCH_PATHS = (
					"$(inherited)",
					"@executable_path/Frameworks",
				);
				PRODUCT_BUNDLE_IDENTIFIER = jamiljalal.Tumblr;
				PRODUCT_NAME = "$(TARGET_NAME)";
				SWIFT_VERSION = 4.0;
				TARGETED_DEVICE_FAMILY = "1,2";
			};
			name = Debug;
		};
		A6F9485B214B2FD90046695A /* Release */ = {
			isa = XCBuildConfiguration;
			baseConfigurationReference = 4CBAC4555C40DBA395D05401 /* Pods-Tumblr.release.xcconfig */;
			buildSettings = {
				ASSETCATALOG_COMPILER_APPICON_NAME = AppIcon;
				CODE_SIGN_STYLE = Automatic;
				DEVELOPMENT_TEAM = LW3486MABY;
				INFOPLIST_FILE = Tumblr/Info.plist;
				LD_RUNPATH_SEARCH_PATHS = (
					"$(inherited)",
					"@executable_path/Frameworks",
				);
				PRODUCT_BUNDLE_IDENTIFIER = jamiljalal.Tumblr;
				PRODUCT_NAME = "$(TARGET_NAME)";
				SWIFT_VERSION = 4.0;
				TARGETED_DEVICE_FAMILY = "1,2";
			};
			name = Release;
		};
		A6F9485D214B2FD90046695A /* Debug */ = {
			isa = XCBuildConfiguration;
			baseConfigurationReference = 56A3DF0E2CE2543323E01EE9 /* Pods-TumblrTests.debug.xcconfig */;
			buildSettings = {
				ALWAYS_EMBED_SWIFT_STANDARD_LIBRARIES = YES;
				BUNDLE_LOADER = "$(TEST_HOST)";
				CODE_SIGN_STYLE = Automatic;
				DEVELOPMENT_TEAM = LW3486MABY;
				INFOPLIST_FILE = TumblrTests/Info.plist;
				LD_RUNPATH_SEARCH_PATHS = (
					"$(inherited)",
					"@executable_path/Frameworks",
					"@loader_path/Frameworks",
				);
				PRODUCT_BUNDLE_IDENTIFIER = jamiljalal.TumblrTests;
				PRODUCT_NAME = "$(TARGET_NAME)";
				SWIFT_VERSION = 4.0;
				TARGETED_DEVICE_FAMILY = "1,2";
				TEST_HOST = "$(BUILT_PRODUCTS_DIR)/Tumblr.app/Tumblr";
			};
			name = Debug;
		};
		A6F9485E214B2FD90046695A /* Release */ = {
			isa = XCBuildConfiguration;
			baseConfigurationReference = 35BDAB1D4217C035A55E6E81 /* Pods-TumblrTests.release.xcconfig */;
			buildSettings = {
				ALWAYS_EMBED_SWIFT_STANDARD_LIBRARIES = YES;
				BUNDLE_LOADER = "$(TEST_HOST)";
				CODE_SIGN_STYLE = Automatic;
				DEVELOPMENT_TEAM = LW3486MABY;
				INFOPLIST_FILE = TumblrTests/Info.plist;
				LD_RUNPATH_SEARCH_PATHS = (
					"$(inherited)",
					"@executable_path/Frameworks",
					"@loader_path/Frameworks",
				);
				PRODUCT_BUNDLE_IDENTIFIER = jamiljalal.TumblrTests;
				PRODUCT_NAME = "$(TARGET_NAME)";
				SWIFT_VERSION = 4.0;
				TARGETED_DEVICE_FAMILY = "1,2";
				TEST_HOST = "$(BUILT_PRODUCTS_DIR)/Tumblr.app/Tumblr";
			};
			name = Release;
		};
		A6F94860214B2FD90046695A /* Debug */ = {
			isa = XCBuildConfiguration;
			baseConfigurationReference = 1362D246493361D02458C3E9 /* Pods-TumblrUITests.debug.xcconfig */;
			buildSettings = {
				ALWAYS_EMBED_SWIFT_STANDARD_LIBRARIES = YES;
				CODE_SIGN_STYLE = Automatic;
				DEVELOPMENT_TEAM = LW3486MABY;
				INFOPLIST_FILE = TumblrUITests/Info.plist;
				LD_RUNPATH_SEARCH_PATHS = (
					"$(inherited)",
					"@executable_path/Frameworks",
					"@loader_path/Frameworks",
				);
				PRODUCT_BUNDLE_IDENTIFIER = jamiljalal.TumblrUITests;
				PRODUCT_NAME = "$(TARGET_NAME)";
				SWIFT_VERSION = 4.0;
				TARGETED_DEVICE_FAMILY = "1,2";
				TEST_TARGET_NAME = Tumblr;
			};
			name = Debug;
		};
		A6F94861214B2FD90046695A /* Release */ = {
			isa = XCBuildConfiguration;
			baseConfigurationReference = B6FA4549160D3EF125E30A1A /* Pods-TumblrUITests.release.xcconfig */;
			buildSettings = {
				ALWAYS_EMBED_SWIFT_STANDARD_LIBRARIES = YES;
				CODE_SIGN_STYLE = Automatic;
				DEVELOPMENT_TEAM = LW3486MABY;
				INFOPLIST_FILE = TumblrUITests/Info.plist;
				LD_RUNPATH_SEARCH_PATHS = (
					"$(inherited)",
					"@executable_path/Frameworks",
					"@loader_path/Frameworks",
				);
				PRODUCT_BUNDLE_IDENTIFIER = jamiljalal.TumblrUITests;
				PRODUCT_NAME = "$(TARGET_NAME)";
				SWIFT_VERSION = 4.0;
				TARGETED_DEVICE_FAMILY = "1,2";
				TEST_TARGET_NAME = Tumblr;
			};
			name = Release;
		};
/* End XCBuildConfiguration section */

/* Begin XCConfigurationList section */
		A6F9482C214B2FD70046695A /* Build configuration list for PBXProject "Tumblr" */ = {
			isa = XCConfigurationList;
			buildConfigurations = (
				A6F94857214B2FD90046695A /* Debug */,
				A6F94858214B2FD90046695A /* Release */,
			);
			defaultConfigurationIsVisible = 0;
			defaultConfigurationName = Release;
		};
		A6F94859214B2FD90046695A /* Build configuration list for PBXNativeTarget "Tumblr" */ = {
			isa = XCConfigurationList;
			buildConfigurations = (
				A6F9485A214B2FD90046695A /* Debug */,
				A6F9485B214B2FD90046695A /* Release */,
			);
			defaultConfigurationIsVisible = 0;
			defaultConfigurationName = Release;
		};
		A6F9485C214B2FD90046695A /* Build configuration list for PBXNativeTarget "TumblrTests" */ = {
			isa = XCConfigurationList;
			buildConfigurations = (
				A6F9485D214B2FD90046695A /* Debug */,
				A6F9485E214B2FD90046695A /* Release */,
			);
			defaultConfigurationIsVisible = 0;
			defaultConfigurationName = Release;
		};
		A6F9485F214B2FD90046695A /* Build configuration list for PBXNativeTarget "TumblrUITests" */ = {
			isa = XCConfigurationList;
			buildConfigurations = (
				A6F94860214B2FD90046695A /* Debug */,
				A6F94861214B2FD90046695A /* Release */,
			);
			defaultConfigurationIsVisible = 0;
			defaultConfigurationName = Release;
		};
/* End XCConfigurationList section */
	};
	rootObject = A6F94829214B2FD70046695A /* Project object */;
}
